
Microsoft Visual Studio Solution File, Format Version 12.00
# Visual Studio Version 17
VisualStudioVersion = 17.14.36511.14
MinimumVisualStudioVersion = 10.0.40219.1
Project("{FAE04EC0-301F-11D3-BF4B-00C04F79EFBC}") = "Module 02", "Module 02\Module 02.csproj", "{38594C05-617C-4957-AB58-5B2BD8513940}"
EndProject
Project("{FAE04EC0-301F-11D3-BF4B-00C04F79EFBC}") = "Module 03", "Module 03\Module 03.csproj", "{15C8AD37-1331-49A5-A4FE-5CB270C8CB3F}"
EndProject
Project("{FAE04EC0-301F-11D3-BF4B-00C04F79EFBC}") = "Module 01", "Module 01\Module 01.csproj", "{4B10210C-65CB-9B89-C900-B8F869BB2036}"
EndProject
Project("{FAE04EC0-301F-11D3-BF4B-00C04F79EFBC}") = "Module 04", "Module 04\Module 04.csproj", "{B097C100-3318-423E-AAB9-2C3C2AC18DD2}"
EndProject
Global
	GlobalSection(SolutionConfigurationPlatforms) = preSolution
		Debug|Any CPU = Debug|Any CPU
		Release|Any CPU = Release|Any CPU
	EndGlobalSection
	GlobalSection(ProjectConfigurationPlatforms) = postSolution
		{38594C05-617C-4957-AB58-5B2BD8513940}.Debug|Any CPU.ActiveCfg = Debug|Any CPU
		{38594C05-617C-4957-AB58-5B2BD8513940}.Debug|Any CPU.Build.0 = Debug|Any CPU
		{38594C05-617C-4957-AB58-5B2BD8513940}.Release|Any CPU.ActiveCfg = Release|Any CPU
		{38594C05-617C-4957-AB58-5B2BD8513940}.Release|Any CPU.Build.0 = Release|Any CPU
		{15C8AD37-1331-49A5-A4FE-5CB270C8CB3F}.Debug|Any CPU.ActiveCfg = Debug|Any CPU
		{15C8AD37-1331-49A5-A4FE-5CB270C8CB3F}.Debug|Any CPU.Build.0 = Debug|Any CPU
		{15C8AD37-1331-49A5-A4FE-5CB270C8CB3F}.Release|Any CPU.ActiveCfg = Release|Any CPU
		{15C8AD37-1331-49A5-A4FE-5CB270C8CB3F}.Release|Any CPU.Build.0 = Release|Any CPU
		{4B10210C-65CB-9B89-C900-B8F869BB2036}.Debug|Any CPU.ActiveCfg = Debug|Any CPU
		{4B10210C-65CB-9B89-C900-B8F869BB2036}.Debug|Any CPU.Build.0 = Debug|Any CPU
		{4B10210C-65CB-9B89-C900-B8F869BB2036}.Release|Any CPU.ActiveCfg = Release|Any CPU
		{4B10210C-65CB-9B89-C900-B8F869BB2036}.Release|Any CPU.Build.0 = Release|Any CPU
		{B097C100-3318-423E-AAB9-2C3C2AC18DD2}.Debug|Any CPU.ActiveCfg = Debug|Any CPU
		{B097C100-3318-423E-AAB9-2C3C2AC18DD2}.Debug|Any CPU.Build.0 = Debug|Any CPU
		{B097C100-3318-423E-AAB9-2C3C2AC18DD2}.Release|Any CPU.ActiveCfg = Release|Any CPU
		{B097C100-3318-423E-AAB9-2C3C2AC18DD2}.Release|Any CPU.Build.0 = Release|Any CPU
	EndGlobalSection
	GlobalSection(SolutionProperties) = preSolution
		HideSolutionNode = FALSE
	EndGlobalSection
	GlobalSection(ExtensibilityGlobals) = postSolution
		SolutionGuid = {166ECD68-CED4-420E-ACA5-CEE97BCA5CD8}
	EndGlobalSection
EndGlobal
